
Microsoft Visual Studio Solution File, Format Version 12.00
# Visual Studio 2013
VisualStudioVersion = 12.0.21005.1
MinimumVisualStudioVersion = 10.0.40219.1
Project("{FAE04EC0-301F-11D3-BF4B-00C04F79EFBC}") = "ApsisBowlingApp", "ApsisBowlingApp\ApsisBowlingApp.csproj", "{109F4F0F-8923-411D-A25B-D21662B3B0B7}"
EndProject
Project("{FAE04EC0-301F-11D3-BF4B-00C04F79EFBC}") = "UnitTest", "UnitTest\UnitTest.csproj", "{E6AD6B72-525C-4D50-88B1-B3BE39BC0C5A}"
EndProject
Project("{2150E333-8FDC-42A3-9474-1A3956D46DE8}") = ".nuget", ".nuget", "{72E1E6F5-1380-47CE-8B03-22A1494EA265}"
	ProjectSection(SolutionItems) = preProject
		.nuget\packages.config = .nuget\packages.config
	EndProjectSection
EndProject
Global
	GlobalSection(SolutionConfigurationPlatforms) = preSolution
		Debug|Any CPU = Debug|Any CPU
		Release|Any CPU = Release|Any CPU
	EndGlobalSection
	GlobalSection(ProjectConfigurationPlatforms) = postSolution
		{109F4F0F-8923-411D-A25B-D21662B3B0B7}.Debug|Any CPU.ActiveCfg = Debug|Any CPU
		{109F4F0F-8923-411D-A25B-D21662B3B0B7}.Debug|Any CPU.Build.0 = Debug|Any CPU
		{109F4F0F-8923-411D-A25B-D21662B3B0B7}.Release|Any CPU.ActiveCfg = Release|Any CPU
		{109F4F0F-8923-411D-A25B-D21662B3B0B7}.Release|Any CPU.Build.0 = Release|Any CPU
		{E6AD6B72-525C-4D50-88B1-B3BE39BC0C5A}.Debug|Any CPU.ActiveCfg = Debug|Any CPU
		{E6AD6B72-525C-4D50-88B1-B3BE39BC0C5A}.Debug|Any CPU.Build.0 = Debug|Any CPU
		{E6AD6B72-525C-4D50-88B1-B3BE39BC0C5A}.Release|Any CPU.ActiveCfg = Release|Any CPU
		{E6AD6B72-525C-4D50-88B1-B3BE39BC0C5A}.Release|Any CPU.Build.0 = Release|Any CPU
	EndGlobalSection
	GlobalSection(SolutionProperties) = preSolution
		HideSolutionNode = FALSE
	EndGlobalSection
EndGlobal
